
Microsoft Visual Studio Solution File, Format Version 12.00
# Visual Studio Version 17
VisualStudioVersion = 17.0.31903.59
MinimumVisualStudioVersion = 10.0.40219.1
Project("{2150E333-8FDC-42A3-9474-1A3956D46DE8}") = "src", "src", "{0B34F382-0E23-4C1A-B130-97CD83E44463}"
EndProject
Project("{FAE04EC0-301F-11D3-BF4B-00C04F79EFBC}") = "BBSSystem.Domain", "src\BBSSystem.Domain\BBSSystem.Domain.csproj", "{983E8127-F68B-49D5-B6AF-570C4CEF0879}"
EndProject
Project("{FAE04EC0-301F-11D3-BF4B-00C04F79EFBC}") = "BBSSystem.Application", "src\BBSSystem.Application\BBSSystem.Application.csproj", "{E68B9A47-C7FF-4485-B709-17143F22104E}"
EndProject
Project("{FAE04EC0-301F-11D3-BF4B-00C04F79EFBC}") = "BBSSystem.Application.Contracts", "src\BBSSystem.Application.Contracts\BBSSystem.Application.Contracts.csproj", "{A8516D37-01BE-4E56-BF9D-98104042B79D}"
EndProject
Project("{FAE04EC0-301F-11D3-BF4B-00C04F79EFBC}") = "BBSSystem.EntityFrameworkCore", "src\BBSSystem.EntityFrameworkCore\BBSSystem.EntityFrameworkCore.csproj", "{3BA170A4-1C0B-476E-9A53-89F129F491CF}"
EndProject
Project("{FAE04EC0-301F-11D3-BF4B-00C04F79EFBC}") = "BBSSystem.Web", "src\BBSSystem.Web\BBSSystem.Web.csproj", "{C120D3CD-50F7-4121-B537-E7A9EDD6E31B}"
EndProject
Project("{FAE04EC0-301F-11D3-BF4B-00C04F79EFBC}") = "BBSSystem.Domain.Shared", "src\BBSSystem.Domain.Shared\BBSSystem.Domain.Shared.csproj", "{F5E1DA29-2A63-4871-89A5-363B78861D13}"
EndProject
Global
	GlobalSection(SolutionConfigurationPlatforms) = preSolution
		Debug|Any CPU = Debug|Any CPU
		Release|Any CPU = Release|Any CPU
	EndGlobalSection
	GlobalSection(SolutionProperties) = preSolution
		HideSolutionNode = FALSE
	EndGlobalSection
	GlobalSection(ProjectConfigurationPlatforms) = postSolution
		{983E8127-F68B-49D5-B6AF-570C4CEF0879}.Debug|Any CPU.ActiveCfg = Debug|Any CPU
		{983E8127-F68B-49D5-B6AF-570C4CEF0879}.Debug|Any CPU.Build.0 = Debug|Any CPU
		{983E8127-F68B-49D5-B6AF-570C4CEF0879}.Release|Any CPU.ActiveCfg = Release|Any CPU
		{983E8127-F68B-49D5-B6AF-570C4CEF0879}.Release|Any CPU.Build.0 = Release|Any CPU
		{E68B9A47-C7FF-4485-B709-17143F22104E}.Debug|Any CPU.ActiveCfg = Debug|Any CPU
		{E68B9A47-C7FF-4485-B709-17143F22104E}.Debug|Any CPU.Build.0 = Debug|Any CPU
		{E68B9A47-C7FF-4485-B709-17143F22104E}.Release|Any CPU.ActiveCfg = Release|Any CPU
		{E68B9A47-C7FF-4485-B709-17143F22104E}.Release|Any CPU.Build.0 = Release|Any CPU
		{A8516D37-01BE-4E56-BF9D-98104042B79D}.Debug|Any CPU.ActiveCfg = Debug|Any CPU
		{A8516D37-01BE-4E56-BF9D-98104042B79D}.Debug|Any CPU.Build.0 = Debug|Any CPU
		{A8516D37-01BE-4E56-BF9D-98104042B79D}.Release|Any CPU.ActiveCfg = Release|Any CPU
		{A8516D37-01BE-4E56-BF9D-98104042B79D}.Release|Any CPU.Build.0 = Release|Any CPU
		{3BA170A4-1C0B-476E-9A53-89F129F491CF}.Debug|Any CPU.ActiveCfg = Debug|Any CPU
		{3BA170A4-1C0B-476E-9A53-89F129F491CF}.Debug|Any CPU.Build.0 = Debug|Any CPU
		{3BA170A4-1C0B-476E-9A53-89F129F491CF}.Release|Any CPU.ActiveCfg = Release|Any CPU
		{3BA170A4-1C0B-476E-9A53-89F129F491CF}.Release|Any CPU.Build.0 = Release|Any CPU
		{C120D3CD-50F7-4121-B537-E7A9EDD6E31B}.Debug|Any CPU.ActiveCfg = Debug|Any CPU
		{C120D3CD-50F7-4121-B537-E7A9EDD6E31B}.Debug|Any CPU.Build.0 = Debug|Any CPU
		{C120D3CD-50F7-4121-B537-E7A9EDD6E31B}.Release|Any CPU.ActiveCfg = Release|Any CPU
		{C120D3CD-50F7-4121-B537-E7A9EDD6E31B}.Release|Any CPU.Build.0 = Release|Any CPU
		{F5E1DA29-2A63-4871-89A5-363B78861D13}.Debug|Any CPU.ActiveCfg = Debug|Any CPU
		{F5E1DA29-2A63-4871-89A5-363B78861D13}.Debug|Any CPU.Build.0 = Debug|Any CPU
		{F5E1DA29-2A63-4871-89A5-363B78861D13}.Release|Any CPU.ActiveCfg = Release|Any CPU
		{F5E1DA29-2A63-4871-89A5-363B78861D13}.Release|Any CPU.Build.0 = Release|Any CPU
	EndGlobalSection
	GlobalSection(NestedProjects) = preSolution
		{983E8127-F68B-49D5-B6AF-570C4CEF0879} = {0B34F382-0E23-4C1A-B130-97CD83E44463}
		{E68B9A47-C7FF-4485-B709-17143F22104E} = {0B34F382-0E23-4C1A-B130-97CD83E44463}
		{A8516D37-01BE-4E56-BF9D-98104042B79D} = {0B34F382-0E23-4C1A-B130-97CD83E44463}
		{3BA170A4-1C0B-476E-9A53-89F129F491CF} = {0B34F382-0E23-4C1A-B130-97CD83E44463}
		{C120D3CD-50F7-4121-B537-E7A9EDD6E31B} = {0B34F382-0E23-4C1A-B130-97CD83E44463}
		{F5E1DA29-2A63-4871-89A5-363B78861D13} = {0B34F382-0E23-4C1A-B130-97CD83E44463}
	EndGlobalSection
EndGlobal
