
Microsoft Visual Studio Solution File, Format Version 12.00
# Visual Studio Version 17
VisualStudioVersion = 17.0.31903.59
MinimumVisualStudioVersion = 10.0.40219.1
Project("{2150E333-8FDC-42A3-9474-1A3956D46DE8}") = "src", "src", "{16920C53-DE7E-43E1-9175-D32C87EB17EE}"
EndProject
Project("{FAE04EC0-301F-11D3-BF4B-00C04F79EFBC}") = "UserSystem.Domain", "src\UserSystem.Domain\UserSystem.Domain.csproj", "{1E62375F-A9CF-46FB-8006-DF05213D361F}"
EndProject
Project("{FAE04EC0-301F-11D3-BF4B-00C04F79EFBC}") = "UserSystem.Domain.Shared", "src\UserSystem.Domain.Shared\UserSystem.Domain.Shared.csproj", "{6ABDCD1D-C543-46E4-A5D9-0D812F2F35AE}"
EndProject
Project("{FAE04EC0-301F-11D3-BF4B-00C04F79EFBC}") = "UserSystem.EntityFrameworkCore", "src\UserSystem.EntityFrameworkCore\UserSystem.EntityFrameworkCore.csproj", "{0518FE76-9B57-4FFA-AA3F-BF45F2551F9E}"
EndProject
Project("{FAE04EC0-301F-11D3-BF4B-00C04F79EFBC}") = "UserSystem.Application", "src\UserSystem.Application\UserSystem.Application.csproj", "{361373FE-B4CC-4F60-9C07-E46164BB7AD4}"
EndProject
Project("{FAE04EC0-301F-11D3-BF4B-00C04F79EFBC}") = "UserSystem.Application.Contracts", "src\UserSystem.Application.Contracts\UserSystem.Application.Contracts.csproj", "{0E000918-FE0E-4BB6-B681-5C07721ECBEE}"
EndProject
Project("{FAE04EC0-301F-11D3-BF4B-00C04F79EFBC}") = "UserSystem.Web", "src\UserSystem.Web\UserSystem.Web.csproj", "{C2692B0A-F523-4877-BD2D-3CFAD5700064}"
EndProject
Global
	GlobalSection(SolutionConfigurationPlatforms) = preSolution
		Debug|Any CPU = Debug|Any CPU
		Release|Any CPU = Release|Any CPU
	EndGlobalSection
	GlobalSection(SolutionProperties) = preSolution
		HideSolutionNode = FALSE
	EndGlobalSection
	GlobalSection(ProjectConfigurationPlatforms) = postSolution
		{1E62375F-A9CF-46FB-8006-DF05213D361F}.Debug|Any CPU.ActiveCfg = Debug|Any CPU
		{1E62375F-A9CF-46FB-8006-DF05213D361F}.Debug|Any CPU.Build.0 = Debug|Any CPU
		{1E62375F-A9CF-46FB-8006-DF05213D361F}.Release|Any CPU.ActiveCfg = Release|Any CPU
		{1E62375F-A9CF-46FB-8006-DF05213D361F}.Release|Any CPU.Build.0 = Release|Any CPU
		{6ABDCD1D-C543-46E4-A5D9-0D812F2F35AE}.Debug|Any CPU.ActiveCfg = Debug|Any CPU
		{6ABDCD1D-C543-46E4-A5D9-0D812F2F35AE}.Debug|Any CPU.Build.0 = Debug|Any CPU
		{6ABDCD1D-C543-46E4-A5D9-0D812F2F35AE}.Release|Any CPU.ActiveCfg = Release|Any CPU
		{6ABDCD1D-C543-46E4-A5D9-0D812F2F35AE}.Release|Any CPU.Build.0 = Release|Any CPU
		{0518FE76-9B57-4FFA-AA3F-BF45F2551F9E}.Debug|Any CPU.ActiveCfg = Debug|Any CPU
		{0518FE76-9B57-4FFA-AA3F-BF45F2551F9E}.Debug|Any CPU.Build.0 = Debug|Any CPU
		{0518FE76-9B57-4FFA-AA3F-BF45F2551F9E}.Release|Any CPU.ActiveCfg = Release|Any CPU
		{0518FE76-9B57-4FFA-AA3F-BF45F2551F9E}.Release|Any CPU.Build.0 = Release|Any CPU
		{361373FE-B4CC-4F60-9C07-E46164BB7AD4}.Debug|Any CPU.ActiveCfg = Debug|Any CPU
		{361373FE-B4CC-4F60-9C07-E46164BB7AD4}.Debug|Any CPU.Build.0 = Debug|Any CPU
		{361373FE-B4CC-4F60-9C07-E46164BB7AD4}.Release|Any CPU.ActiveCfg = Release|Any CPU
		{361373FE-B4CC-4F60-9C07-E46164BB7AD4}.Release|Any CPU.Build.0 = Release|Any CPU
		{0E000918-FE0E-4BB6-B681-5C07721ECBEE}.Debug|Any CPU.ActiveCfg = Debug|Any CPU
		{0E000918-FE0E-4BB6-B681-5C07721ECBEE}.Debug|Any CPU.Build.0 = Debug|Any CPU
		{0E000918-FE0E-4BB6-B681-5C07721ECBEE}.Release|Any CPU.ActiveCfg = Release|Any CPU
		{0E000918-FE0E-4BB6-B681-5C07721ECBEE}.Release|Any CPU.Build.0 = Release|Any CPU
		{C2692B0A-F523-4877-BD2D-3CFAD5700064}.Debug|Any CPU.ActiveCfg = Debug|Any CPU
		{C2692B0A-F523-4877-BD2D-3CFAD5700064}.Debug|Any CPU.Build.0 = Debug|Any CPU
		{C2692B0A-F523-4877-BD2D-3CFAD5700064}.Release|Any CPU.ActiveCfg = Release|Any CPU
		{C2692B0A-F523-4877-BD2D-3CFAD5700064}.Release|Any CPU.Build.0 = Release|Any CPU
	EndGlobalSection
	GlobalSection(NestedProjects) = preSolution
		{1E62375F-A9CF-46FB-8006-DF05213D361F} = {16920C53-DE7E-43E1-9175-D32C87EB17EE}
		{6ABDCD1D-C543-46E4-A5D9-0D812F2F35AE} = {16920C53-DE7E-43E1-9175-D32C87EB17EE}
		{0518FE76-9B57-4FFA-AA3F-BF45F2551F9E} = {16920C53-DE7E-43E1-9175-D32C87EB17EE}
		{361373FE-B4CC-4F60-9C07-E46164BB7AD4} = {16920C53-DE7E-43E1-9175-D32C87EB17EE}
		{0E000918-FE0E-4BB6-B681-5C07721ECBEE} = {16920C53-DE7E-43E1-9175-D32C87EB17EE}
		{C2692B0A-F523-4877-BD2D-3CFAD5700064} = {16920C53-DE7E-43E1-9175-D32C87EB17EE}
	EndGlobalSection
EndGlobal
